
Microsoft Visual Studio Solution File, Format Version 12.00
# Visual Studio 14
VisualStudioVersion = 14.0.25420.1
MinimumVisualStudioVersion = 10.0.40219.1
Project("{FAE04EC0-301F-11D3-BF4B-00C04F79EFBC}") = "Hyperar.HattrickUltimate.UserInterface", "Hyperar.HattrickUltimate.UserInterface\Hyperar.HattrickUltimate.UserInterface.csproj", "{0754A8B0-9B32-4F62-834F-BC1DBC155DA1}"
EndProject
Project("{FAE04EC0-301F-11D3-BF4B-00C04F79EFBC}") = "Hyperar.HattrickUltimate.BusinessObjects", "Hyperar.HattrickUltimate.BusinessObjects\Hyperar.HattrickUltimate.BusinessObjects.csproj", "{42F24226-C9C4-41F9-B51A-D980F9751EE0}"
EndProject
Project("{FAE04EC0-301F-11D3-BF4B-00C04F79EFBC}") = "Hyperar.HattrickUltimate.BusinessLogic", "Hyperar.HattrickUltimate.BusinessLogic\Hyperar.HattrickUltimate.BusinessLogic.csproj", "{5B472D4A-7D3E-44F2-AB80-9A8ABA0D7A27}"
EndProject
Project("{FAE04EC0-301F-11D3-BF4B-00C04F79EFBC}") = "Hyperar.HattrickUltimate.DataAccess", "Hyperar.HattrickUltimate.DataAccess\Hyperar.HattrickUltimate.DataAccess.csproj", "{EDECB207-D702-419B-8AF6-7E9226E28CDD}"
EndProject
Project("{FAE04EC0-301F-11D3-BF4B-00C04F79EFBC}") = "Hyperar.HattrickUltimate.Controls", "Hyperar.HattrickUltimate.Controls\Hyperar.HattrickUltimate.Controls.csproj", "{C8DD2F61-C16A-4F62-BE8C-A24A867808BC}"
EndProject
Global
	GlobalSection(SolutionConfigurationPlatforms) = preSolution
		Debug|Any CPU = Debug|Any CPU
		Release|Any CPU = Release|Any CPU
	EndGlobalSection
	GlobalSection(ProjectConfigurationPlatforms) = postSolution
		{0754A8B0-9B32-4F62-834F-BC1DBC155DA1}.Debug|Any CPU.ActiveCfg = Debug|Any CPU
		{0754A8B0-9B32-4F62-834F-BC1DBC155DA1}.Debug|Any CPU.Build.0 = Debug|Any CPU
		{0754A8B0-9B32-4F62-834F-BC1DBC155DA1}.Release|Any CPU.ActiveCfg = Release|Any CPU
		{0754A8B0-9B32-4F62-834F-BC1DBC155DA1}.Release|Any CPU.Build.0 = Release|Any CPU
		{42F24226-C9C4-41F9-B51A-D980F9751EE0}.Debug|Any CPU.ActiveCfg = Debug|Any CPU
		{42F24226-C9C4-41F9-B51A-D980F9751EE0}.Debug|Any CPU.Build.0 = Debug|Any CPU
		{42F24226-C9C4-41F9-B51A-D980F9751EE0}.Release|Any CPU.ActiveCfg = Release|Any CPU
		{42F24226-C9C4-41F9-B51A-D980F9751EE0}.Release|Any CPU.Build.0 = Release|Any CPU
		{5B472D4A-7D3E-44F2-AB80-9A8ABA0D7A27}.Debug|Any CPU.ActiveCfg = Debug|Any CPU
		{5B472D4A-7D3E-44F2-AB80-9A8ABA0D7A27}.Debug|Any CPU.Build.0 = Debug|Any CPU
		{5B472D4A-7D3E-44F2-AB80-9A8ABA0D7A27}.Release|Any CPU.ActiveCfg = Release|Any CPU
		{5B472D4A-7D3E-44F2-AB80-9A8ABA0D7A27}.Release|Any CPU.Build.0 = Release|Any CPU
		{EDECB207-D702-419B-8AF6-7E9226E28CDD}.Debug|Any CPU.ActiveCfg = Debug|Any CPU
		{EDECB207-D702-419B-8AF6-7E9226E28CDD}.Debug|Any CPU.Build.0 = Debug|Any CPU
		{EDECB207-D702-419B-8AF6-7E9226E28CDD}.Release|Any CPU.ActiveCfg = Release|Any CPU
		{EDECB207-D702-419B-8AF6-7E9226E28CDD}.Release|Any CPU.Build.0 = Release|Any CPU
		{C8DD2F61-C16A-4F62-BE8C-A24A867808BC}.Debug|Any CPU.ActiveCfg = Debug|Any CPU
		{C8DD2F61-C16A-4F62-BE8C-A24A867808BC}.Debug|Any CPU.Build.0 = Debug|Any CPU
		{C8DD2F61-C16A-4F62-BE8C-A24A867808BC}.Release|Any CPU.ActiveCfg = Release|Any CPU
		{C8DD2F61-C16A-4F62-BE8C-A24A867808BC}.Release|Any CPU.Build.0 = Release|Any CPU
	EndGlobalSection
	GlobalSection(SolutionProperties) = preSolution
		HideSolutionNode = FALSE
	EndGlobalSection
EndGlobal
